
Microsoft Visual Studio Solution File, Format Version 12.00
Project("{FAE04EC0-301F-11D3-BF4B-00C04F79EFBC}") = "Tenders", "Tenders\Tenders.csproj", "{286C7E33-4763-427D-8CC2-EA18DE6BB369}"
EndProject
Global
	GlobalSection(SolutionConfigurationPlatforms) = preSolution
		Debug|Any CPU = Debug|Any CPU
		Release|Any CPU = Release|Any CPU
	EndGlobalSection
	GlobalSection(ProjectConfigurationPlatforms) = postSolution
		{286C7E33-4763-427D-8CC2-EA18DE6BB369}.Debug|Any CPU.ActiveCfg = Debug|Any CPU
		{286C7E33-4763-427D-8CC2-EA18DE6BB369}.Debug|Any CPU.Build.0 = Debug|Any CPU
		{286C7E33-4763-427D-8CC2-EA18DE6BB369}.Release|Any CPU.ActiveCfg = Release|Any CPU
		{286C7E33-4763-427D-8CC2-EA18DE6BB369}.Release|Any CPU.Build.0 = Release|Any CPU
	EndGlobalSection
EndGlobal
